
Microsoft Visual Studio Solution File, Format Version 12.00
# Visual Studio Version 16
VisualStudioVersion = 16.0.31424.327
MinimumVisualStudioVersion = 10.0.40219.1
Project("{9A19103F-16F7-4668-BE54-9A1E7A4F7556}") = "Pattern", "Pattern\Pattern.csproj", "{33D38AD7-4637-4556-A867-3C9EEF3A99DD}"
EndProject
Project("{9A19103F-16F7-4668-BE54-9A1E7A4F7556}") = "FactoryMethod", "FactoryMethod\FactoryMethod.csproj", "{D153C5B8-5021-4FEB-B354-AB75CA7C31B2}"
EndProject
Project("{9A19103F-16F7-4668-BE54-9A1E7A4F7556}") = "Task", "Task\Task.csproj", "{89F80AE0-CFFB-43F6-B9D6-3785BFB01CB2}"
EndProject
Project("{9A19103F-16F7-4668-BE54-9A1E7A4F7556}") = "AbstractFactory", "AbstractFactory\AbstractFactory.csproj", "{C0E7E563-5493-4A92-A382-C312BC018C63}"
EndProject
Project("{9A19103F-16F7-4668-BE54-9A1E7A4F7556}") = "Builder", "Builder\Builder.csproj", "{F6447792-5457-47D9-A541-E8DE3E9C5698}"
EndProject
Project("{FAE04EC0-301F-11D3-BF4B-00C04F79EFBC}") = "BuilderTask", "BuilderTask\BuilderTask.csproj", "{3EDBEAF0-7322-4ED0-9C58-D82092236A15}"
EndProject
Global
	GlobalSection(SolutionConfigurationPlatforms) = preSolution
		Debug|Any CPU = Debug|Any CPU
		Release|Any CPU = Release|Any CPU
	EndGlobalSection
	GlobalSection(ProjectConfigurationPlatforms) = postSolution
		{33D38AD7-4637-4556-A867-3C9EEF3A99DD}.Debug|Any CPU.ActiveCfg = Debug|Any CPU
		{33D38AD7-4637-4556-A867-3C9EEF3A99DD}.Debug|Any CPU.Build.0 = Debug|Any CPU
		{33D38AD7-4637-4556-A867-3C9EEF3A99DD}.Release|Any CPU.ActiveCfg = Release|Any CPU
		{33D38AD7-4637-4556-A867-3C9EEF3A99DD}.Release|Any CPU.Build.0 = Release|Any CPU
		{D153C5B8-5021-4FEB-B354-AB75CA7C31B2}.Debug|Any CPU.ActiveCfg = Debug|Any CPU
		{D153C5B8-5021-4FEB-B354-AB75CA7C31B2}.Debug|Any CPU.Build.0 = Debug|Any CPU
		{D153C5B8-5021-4FEB-B354-AB75CA7C31B2}.Release|Any CPU.ActiveCfg = Release|Any CPU
		{D153C5B8-5021-4FEB-B354-AB75CA7C31B2}.Release|Any CPU.Build.0 = Release|Any CPU
		{89F80AE0-CFFB-43F6-B9D6-3785BFB01CB2}.Debug|Any CPU.ActiveCfg = Debug|Any CPU
		{89F80AE0-CFFB-43F6-B9D6-3785BFB01CB2}.Debug|Any CPU.Build.0 = Debug|Any CPU
		{89F80AE0-CFFB-43F6-B9D6-3785BFB01CB2}.Release|Any CPU.ActiveCfg = Release|Any CPU
		{89F80AE0-CFFB-43F6-B9D6-3785BFB01CB2}.Release|Any CPU.Build.0 = Release|Any CPU
		{C0E7E563-5493-4A92-A382-C312BC018C63}.Debug|Any CPU.ActiveCfg = Debug|Any CPU
		{C0E7E563-5493-4A92-A382-C312BC018C63}.Debug|Any CPU.Build.0 = Debug|Any CPU
		{C0E7E563-5493-4A92-A382-C312BC018C63}.Release|Any CPU.ActiveCfg = Release|Any CPU
		{C0E7E563-5493-4A92-A382-C312BC018C63}.Release|Any CPU.Build.0 = Release|Any CPU
		{F6447792-5457-47D9-A541-E8DE3E9C5698}.Debug|Any CPU.ActiveCfg = Debug|Any CPU
		{F6447792-5457-47D9-A541-E8DE3E9C5698}.Debug|Any CPU.Build.0 = Debug|Any CPU
		{F6447792-5457-47D9-A541-E8DE3E9C5698}.Release|Any CPU.ActiveCfg = Release|Any CPU
		{F6447792-5457-47D9-A541-E8DE3E9C5698}.Release|Any CPU.Build.0 = Release|Any CPU
		{3EDBEAF0-7322-4ED0-9C58-D82092236A15}.Debug|Any CPU.ActiveCfg = Debug|Any CPU
		{3EDBEAF0-7322-4ED0-9C58-D82092236A15}.Debug|Any CPU.Build.0 = Debug|Any CPU
		{3EDBEAF0-7322-4ED0-9C58-D82092236A15}.Release|Any CPU.ActiveCfg = Release|Any CPU
		{3EDBEAF0-7322-4ED0-9C58-D82092236A15}.Release|Any CPU.Build.0 = Release|Any CPU
	EndGlobalSection
	GlobalSection(SolutionProperties) = preSolution
		HideSolutionNode = FALSE
	EndGlobalSection
	GlobalSection(ExtensibilityGlobals) = postSolution
		SolutionGuid = {D3D87941-E610-4D2D-AD2A-BD247EDE10A0}
	EndGlobalSection
EndGlobal
